// !$*UTF8*$!
{
	archiveVersion = 1;
	classes = {
	};
	objectVersion = 50;
	objects = {

/* Begin PBXBuildFile section */
		839A2EC32375533600F9437F /* AppDelegate.swift in Sources */ = {isa = PBXBuildFile; fileRef = 839A2EC22375533600F9437F /* AppDelegate.swift */; };
		839A2EC52375533600F9437F /* SceneDelegate.swift in Sources */ = {isa = PBXBuildFile; fileRef = 839A2EC42375533600F9437F /* SceneDelegate.swift */; };
		839A2EC72375533600F9437F /* ContentView.swift in Sources */ = {isa = PBXBuildFile; fileRef = 839A2EC62375533600F9437F /* ContentView.swift */; };
		839A2EC92375533A00F9437F /* Assets.xcassets in Resources */ = {isa = PBXBuildFile; fileRef = 839A2EC82375533A00F9437F /* Assets.xcassets */; };
		839A2ECC2375533A00F9437F /* Preview Assets.xcassets in Resources */ = {isa = PBXBuildFile; fileRef = 839A2ECB2375533A00F9437F /* Preview Assets.xcassets */; };
		839A2ECF2375533A00F9437F /* LaunchScreen.storyboard in Resources */ = {isa = PBXBuildFile; fileRef = 839A2ECD2375533A00F9437F /* LaunchScreen.storyboard */; };
		839A2EE62375541200F9437F /* ArrayChapter1.swift in Sources */ = {isa = PBXBuildFile; fileRef = 839A2EE52375541200F9437F /* ArrayChapter1.swift */; };
/* End PBXBuildFile section */

/* Begin PBXContainerItemProxy section */
		839A2ED62375533A00F9437F /* PBXContainerItemProxy */ = {
			isa = PBXContainerItemProxy;
			containerPortal = 839A2EB72375533600F9437F /* Project object */;
			proxyType = 1;
			remoteGlobalIDString = 839A2EBE2375533600F9437F;
			remoteInfo = ArithmeticPractice;
		};
/* End PBXContainerItemProxy section */

/* Begin PBXFileReference section */
		839A2EBF2375533600F9437F /* ArithmeticPractice.app */ = {isa = PBXFileReference; explicitFileType = wrapper.application; includeInIndex = 0; path = ArithmeticPractice.app; sourceTree = BUILT_PRODUCTS_DIR; };
		839A2EC22375533600F9437F /* AppDelegate.swift */ = {isa = PBXFileReference; lastKnownFileType = sourcecode.swift; path = AppDelegate.swift; sourceTree = "<group>"; };
		839A2EC42375533600F9437F /* SceneDelegate.swift */ = {isa = PBXFileReference; lastKnownFileType = sourcecode.swift; path = SceneDelegate.swift; sourceTree = "<group>"; };
		839A2EC62375533600F9437F /* ContentView.swift */ = {isa = PBXFileReference; lastKnownFileType = sourcecode.swift; path = ContentView.swift; sourceTree = "<group>"; };
		839A2EC82375533A00F9437F /* Assets.xcassets */ = {isa = PBXFileReference; lastKnownFileType = folder.assetcatalog; path = Assets.xcassets; sourceTree = "<group>"; };
		839A2ECB2375533A00F9437F /* Preview Assets.xcassets */ = {isa = PBXFileReference; lastKnownFileType = folder.assetcatalog; path = "Preview Assets.xcassets"; sourceTree = "<group>"; };
		839A2ECE2375533A00F9437F /* Base */ = {isa = PBXFileReference; lastKnownFileType = file.storyboard; name = Base; path = Base.lproj/LaunchScreen.storyboard; sourceTree = "<group>"; };
		839A2ED02375533A00F9437F /* Info.plist */ = {isa = PBXFileReference; lastKnownFileType = text.plist.xml; path = Info.plist; sourceTree = "<group>"; };
		839A2ED52375533A00F9437F /* ArithmeticPracticeTests.xctest */ = {isa = PBXFileReference; explicitFileType = wrapper.cfbundle; includeInIndex = 0; path = ArithmeticPracticeTests.xctest; sourceTree = BUILT_PRODUCTS_DIR; };
		839A2EDB2375533A00F9437F /* Info.plist */ = {isa = PBXFileReference; lastKnownFileType = text.plist.xml; path = Info.plist; sourceTree = "<group>"; };
		839A2EE52375541200F9437F /* ArrayChapter1.swift */ = {isa = PBXFileReference; lastKnownFileType = sourcecode.swift; path = ArrayChapter1.swift; sourceTree = "<group>"; };
/* End PBXFileReference section */

/* Begin PBXFrameworksBuildPhase section */
		839A2EBC2375533600F9437F /* Frameworks */ = {
			isa = PBXFrameworksBuildPhase;
			buildActionMask = 2147483647;
			files = (
			);
			runOnlyForDeploymentPostprocessing = 0;
		};
		839A2ED22375533A00F9437F /* Frameworks */ = {
			isa = PBXFrameworksBuildPhase;
			buildActionMask = 2147483647;
			files = (
			);
			runOnlyForDeploymentPostprocessing = 0;
		};
/* End PBXFrameworksBuildPhase section */

/* Begin PBXGroup section */
		839A2EB62375533600F9437F = {
			isa = PBXGroup;
			children = (
				839A2EC12375533600F9437F /* ArithmeticPractice */,
				839A2ED82375533A00F9437F /* ArithmeticPracticeTests */,
				839A2EC02375533600F9437F /* Products */,
			);
			sourceTree = "<group>";
		};
		839A2EC02375533600F9437F /* Products */ = {
			isa = PBXGroup;
			children = (
				839A2EBF2375533600F9437F /* ArithmeticPractice.app */,
				839A2ED52375533A00F9437F /* ArithmeticPracticeTests.xctest */,
			);
			name = Products;
			sourceTree = "<group>";
		};
		839A2EC12375533600F9437F /* ArithmeticPractice */ = {
			isa = PBXGroup;
			children = (
				839A2EC22375533600F9437F /* AppDelegate.swift */,
				839A2EC42375533600F9437F /* SceneDelegate.swift */,
				839A2EC62375533600F9437F /* ContentView.swift */,
				839A2EC82375533A00F9437F /* Assets.xcassets */,
				839A2ECD2375533A00F9437F /* LaunchScreen.storyboard */,
				839A2ED02375533A00F9437F /* Info.plist */,
				839A2ECA2375533A00F9437F /* Preview Content */,
			);
			path = ArithmeticPractice;
			sourceTree = "<group>";
		};
		839A2ECA2375533A00F9437F /* Preview Content */ = {
			isa = PBXGroup;
			children = (
				839A2ECB2375533A00F9437F /* Preview Assets.xcassets */,
			);
			path = "Preview Content";
			sourceTree = "<group>";
		};
		839A2ED82375533A00F9437F /* ArithmeticPracticeTests */ = {
			isa = PBXGroup;
			children = (
				839A2EE42375534300F9437F /* Array */,
				839A2EDB2375533A00F9437F /* Info.plist */,
			);
			path = ArithmeticPracticeTests;
			sourceTree = "<group>";
		};
		839A2EE42375534300F9437F /* Array */ = {
			isa = PBXGroup;
			children = (
				839A2EE52375541200F9437F /* ArrayChapter1.swift */,
			);
			path = Array;
			sourceTree = "<group>";
		};
/* End PBXGroup section */

/* Begin PBXNativeTarget section */
		839A2EBE2375533600F9437F /* ArithmeticPractice */ = {
			isa = PBXNativeTarget;
			buildConfigurationList = 839A2EDE2375533A00F9437F /* Build configuration list for PBXNativeTarget "ArithmeticPractice" */;
			buildPhases = (
				839A2EBB2375533600F9437F /* Sources */,
				839A2EBC2375533600F9437F /* Frameworks */,
				839A2EBD2375533600F9437F /* Resources */,
			);
			buildRules = (
			);
			dependencies = (
			);
			name = ArithmeticPractice;
			productName = ArithmeticPractice;
			productReference = 839A2EBF2375533600F9437F /* ArithmeticPractice.app */;
			productType = "com.apple.product-type.application";
		};
		839A2ED42375533A00F9437F /* ArithmeticPracticeTests */ = {
			isa = PBXNativeTarget;
			buildConfigurationList = 839A2EE12375533A00F9437F /* Build configuration list for PBXNativeTarget "ArithmeticPracticeTests" */;
			buildPhases = (
				839A2ED12375533A00F9437F /* Sources */,
				839A2ED22375533A00F9437F /* Frameworks */,
				839A2ED32375533A00F9437F /* Resources */,
			);
			buildRules = (
			);
			dependencies = (
				839A2ED72375533A00F9437F /* PBXTargetDependency */,
			);
			name = ArithmeticPracticeTests;
			productName = ArithmeticPracticeTests;
			productReference = 839A2ED52375533A00F9437F /* ArithmeticPracticeTests.xctest */;
			productType = "com.apple.product-type.bundle.unit-test";
		};
/* End PBXNativeTarget section */

/* Begin PBXProject section */
		839A2EB72375533600F9437F /* Project object */ = {
			isa = PBXProject;
			attributes = {
				LastSwiftUpdateCheck = 1110;
				LastUpgradeCheck = 1110;
				ORGANIZATIONNAME = upmer;
				TargetAttributes = {
					839A2EBE2375533600F9437F = {
						CreatedOnToolsVersion = 11.1;
					};
					839A2ED42375533A00F9437F = {
						CreatedOnToolsVersion = 11.1;
						TestTargetID = 839A2EBE2375533600F9437F;
					};
				};
			};
			buildConfigurationList = 839A2EBA2375533600F9437F /* Build configuration list for PBXProject "ArithmeticPractice" */;
			compatibilityVersion = "Xcode 9.3";
			developmentRegion = en;
			hasScannedForEncodings = 0;
			knownRegions = (
				en,
				Base,
			);
			mainGroup = 839A2EB62375533600F9437F;
			productRefGroup = 839A2EC02375533600F9437F /* Products */;
			projectDirPath = "";
			projectRoot = "";
			targets = (
				839A2EBE2375533600F9437F /* ArithmeticPractice */,
				839A2ED42375533A00F9437F /* ArithmeticPracticeTests */,
			);
		};
/* End PBXProject section */

/* Begin PBXResourcesBuildPhase section */
		839A2EBD2375533600F9437F /* Resources */ = {
			isa = PBXResourcesBuildPhase;
			buildActionMask = 2147483647;
			files = (
				839A2ECF2375533A00F9437F /* LaunchScreen.storyboard in Resources */,
				839A2ECC2375533A00F9437F /* Preview Assets.xcassets in Resources */,
				839A2EC92375533A00F9437F /* Assets.xcassets in Resources */,
			);
			runOnlyForDeploymentPostprocessing = 0;
		};
		839A2ED32375533A00F9437F /* Resources */ = {
			isa = PBXResourcesBuildPhase;
			buildActionMask = 2147483647;
			files = (
			);
			runOnlyForDeploymentPostprocessing = 0;
		};
/* End PBXResourcesBuildPhase section */

/* Begin PBXSourcesBuildPhase section */
		839A2EBB2375533600F9437F /* Sources */ = {
			isa = PBXSourcesBuildPhase;
			buildActionMask = 2147483647;
			files = (
				839A2EC32375533600F9437F /* AppDelegate.swift in Sources */,
				839A2EC52375533600F9437F /* SceneDelegate.swift in Sources */,
				839A2EC72375533600F9437F /* ContentView.swift in Sources */,
			);
			runOnlyForDeploymentPostprocessing = 0;
		};
		839A2ED12375533A00F9437F /* Sources */ = {
			isa = PBXSourcesBuildPhase;
			buildActionMask = 2147483647;
			files = (
				839A2EE62375541200F9437F /* ArrayChapter1.swift in Sources */,
			);
			runOnlyForDeploymentPostprocessing = 0;
		};
/* End PBXSourcesBuildPhase section */

/* Begin PBXTargetDependency section */
		839A2ED72375533A00F9437F /* PBXTargetDependency */ = {
			isa = PBXTargetDependency;
			target = 839A2EBE2375533600F9437F /* ArithmeticPractice */;
			targetProxy = 839A2ED62375533A00F9437F /* PBXContainerItemProxy */;
		};
/* End PBXTargetDependency section */

/* Begin PBXVariantGroup section */
		839A2ECD2375533A00F9437F /* LaunchScreen.storyboard */ = {
			isa = PBXVariantGroup;
			children = (
				839A2ECE2375533A00F9437F /* Base */,
			);
			name = LaunchScreen.storyboard;
			sourceTree = "<group>";
		};
/* End PBXVariantGroup section */

/* Begin XCBuildConfiguration section */
		839A2EDC2375533A00F9437F /* Debug */ = {
			isa = XCBuildConfiguration;
			buildSettings = {
				ALWAYS_SEARCH_USER_PATHS = NO;
				CLANG_ANALYZER_NONNULL = YES;
				CLANG_ANALYZER_NUMBER_OBJECT_CONVERSION = YES_AGGRESSIVE;
				CLANG_CXX_LANGUAGE_STANDARD = "gnu++14";
				CLANG_CXX_LIBRARY = "libc++";
				CLANG_ENABLE_MODULES = YES;
				CLANG_ENABLE_OBJC_ARC = YES;
				CLANG_ENABLE_OBJC_WEAK = YES;
				CLANG_WARN_BLOCK_CAPTURE_AUTORELEASING = YES;
				CLANG_WARN_BOOL_CONVERSION = YES;
				CLANG_WARN_COMMA = YES;
				CLANG_WARN_CONSTANT_CONVERSION = YES;
				CLANG_WARN_DEPRECATED_OBJC_IMPLEMENTATIONS = YES;
				CLANG_WARN_DIRECT_OBJC_ISA_USAGE = YES_ERROR;
				CLANG_WARN_DOCUMENTATION_COMMENTS = YES;
				CLANG_WARN_EMPTY_BODY = YES;
				CLANG_WARN_ENUM_CONVERSION = YES;
				CLANG_WARN_INFINITE_RECURSION = YES;
				CLANG_WARN_INT_CONVERSION = YES;
				CLANG_WARN_NON_LITERAL_NULL_CONVERSION = YES;
				CLANG_WARN_OBJC_IMPLICIT_RETAIN_SELF = YES;
				CLANG_WARN_OBJC_LITERAL_CONVERSION = YES;
				CLANG_WARN_OBJC_ROOT_CLASS = YES_ERROR;
				CLANG_WARN_RANGE_LOOP_ANALYSIS = YES;
				CLANG_WARN_STRICT_PROTOTYPES = YES;
				CLANG_WARN_SUSPICIOUS_MOVE = YES;
				CLANG_WARN_UNGUARDED_AVAILABILITY = YES_AGGRESSIVE;
				CLANG_WARN_UNREACHABLE_CODE = YES;
				CLANG_WARN__DUPLICATE_METHOD_MATCH = YES;
				COPY_PHASE_STRIP = NO;
				DEBUG_INFORMATION_FORMAT = dwarf;
				ENABLE_STRICT_OBJC_MSGSEND = YES;
				ENABLE_TESTABILITY = YES;
				GCC_C_LANGUAGE_STANDARD = gnu11;
				GCC_DYNAMIC_NO_PIC = NO;
				GCC_NO_COMMON_BLOCKS = YES;
				GCC_OPTIMIZATION_LEVEL = 0;
				GCC_PREPROCESSOR_DEFINITIONS = (
					"DEBUG=1",
					"$(inherited)",
				);
				GCC_WARN_64_TO_32_BIT_CONVERSION = YES;
				GCC_WARN_ABOUT_RETURN_TYPE = YES_ERROR;
				GCC_WARN_UNDECLARED_SELECTOR = YES;
				GCC_WARN_UNINITIALIZED_AUTOS = YES_AGGRESSIVE;
				GCC_WARN_UNUSED_FUNCTION = YES;
				GCC_WARN_UNUSED_VARIABLE = YES;
				IPHONEOS_DEPLOYMENT_TARGET = 13.1;
				MTL_ENABLE_DEBUG_INFO = INCLUDE_SOURCE;
				MTL_FAST_MATH = YES;
				ONLY_ACTIVE_ARCH = YES;
				SDKROOT = iphoneos;
				SWIFT_ACTIVE_COMPILATION_CONDITIONS = DEBUG;
				SWIFT_OPTIMIZATION_LEVEL = "-Onone";
			};
			name = Debug;
		};
		839A2EDD2375533A00F9437F /* Release */ = {
			isa = XCBuildConfiguration;
			buildSettings = {
				ALWAYS_SEARCH_USER_PATHS = NO;
				CLANG_ANALYZER_NONNULL = YES;
				CLANG_ANALYZER_NUMBER_OBJECT_CONVERSION = YES_AGGRESSIVE;
				CLANG_CXX_LANGUAGE_STANDARD = "gnu++14";
				CLANG_CXX_LIBRARY = "libc++";
				CLANG_ENABLE_MODULES = YES;
				CLANG_ENABLE_OBJC_ARC = YES;
				CLANG_ENABLE_OBJC_WEAK = YES;
				CLANG_WARN_BLOCK_CAPTURE_AUTORELEASING = YES;
				CLANG_WARN_BOOL_CONVERSION = YES;
				CLANG_WARN_COMMA = YES;
				CLANG_WARN_CONSTANT_CONVERSION = YES;
				CLANG_WARN_DEPRECATED_OBJC_IMPLEMENTATIONS = YES;
				CLANG_WARN_DIRECT_OBJC_ISA_USAGE = YES_ERROR;
				CLANG_WARN_DOCUMENTATION_COMMENTS = YES;
				CLANG_WARN_EMPTY_BODY = YES;
				CLANG_WARN_ENUM_CONVERSION = YES;
				CLANG_WARN_INFINITE_RECURSION = YES;
				CLANG_WARN_INT_CONVERSION = YES;
				CLANG_WARN_NON_LITERAL_NULL_CONVERSION = YES;
				CLANG_WARN_OBJC_IMPLICIT_RETAIN_SELF = YES;
				CLANG_WARN_OBJC_LITERAL_CONVERSION = YES;
				CLANG_WARN_OBJC_ROOT_CLASS = YES_ERROR;
				CLANG_WARN_RANGE_LOOP_ANALYSIS = YES;
				CLANG_WARN_STRICT_PROTOTYPES = YES;
				CLANG_WARN_SUSPICIOUS_MOVE = YES;
				CLANG_WARN_UNGUARDED_AVAILABILITY = YES_AGGRESSIVE;
				CLANG_WARN_UNREACHABLE_CODE = YES;
				CLANG_WARN__DUPLICATE_METHOD_MATCH = YES;
				COPY_PHASE_STRIP = NO;
				DEBUG_INFORMATION_FORMAT = "dwarf-with-dsym";
				ENABLE_NS_ASSERTIONS = NO;
				ENABLE_STRICT_OBJC_MSGSEND = YES;
				GCC_C_LANGUAGE_STANDARD = gnu11;
				GCC_NO_COMMON_BLOCKS = YES;
				GCC_WARN_64_TO_32_BIT_CONVERSION = YES;
				GCC_WARN_ABOUT_RETURN_TYPE = YES_ERROR;
				GCC_WARN_UNDECLARED_SELECTOR = YES;
				GCC_WARN_UNINITIALIZED_AUTOS = YES_AGGRESSIVE;
				GCC_WARN_UNUSED_FUNCTION = YES;
				GCC_WARN_UNUSED_VARIABLE = YES;
				IPHONEOS_DEPLOYMENT_TARGET = 13.1;
				MTL_ENABLE_DEBUG_INFO = NO;
				MTL_FAST_MATH = YES;
				SDKROOT = iphoneos;
				SWIFT_COMPILATION_MODE = wholemodule;
				SWIFT_OPTIMIZATION_LEVEL = "-O";
				VALIDATE_PRODUCT = YES;
			};
			name = Release;
		};
		839A2EDF2375533A00F9437F /* Debug */ = {
			isa = XCBuildConfiguration;
			buildSettings = {
				ASSETCATALOG_COMPILER_APPICON_NAME = AppIcon;
				CODE_SIGN_STYLE = Automatic;
				DEVELOPMENT_ASSET_PATHS = "\"ArithmeticPractice/Preview Content\"";
				DEVELOPMENT_TEAM = 5ZPQVN5FJW;
				ENABLE_PREVIEWS = YES;
				INFOPLIST_FILE = ArithmeticPractice/Info.plist;
				LD_RUNPATH_SEARCH_PATHS = (
					"$(inherited)",
					"@executable_path/Frameworks",
				);
				PRODUCT_BUNDLE_IDENTIFIER = com.upmer.ArithmeticPractice;
				PRODUCT_NAME = "$(TARGET_NAME)";
				SWIFT_VERSION = 5.0;
				TARGETED_DEVICE_FAMILY = "1,2";
			};
			name = Debug;
		};
		839A2EE02375533A00F9437F /* Release */ = {
			isa = XCBuildConfiguration;
			buildSettings = {
				ASSETCATALOG_COMPILER_APPICON_NAME = AppIcon;
				CODE_SIGN_STYLE = Automatic;
				DEVELOPMENT_ASSET_PATHS = "\"ArithmeticPractice/Preview Content\"";
				DEVELOPMENT_TEAM = 5ZPQVN5FJW;
				ENABLE_PREVIEWS = YES;
				INFOPLIST_FILE = ArithmeticPractice/Info.plist;
				LD_RUNPATH_SEARCH_PATHS = (
					"$(inherited)",
					"@executable_path/Frameworks",
				);
				PRODUCT_BUNDLE_IDENTIFIER = com.upmer.ArithmeticPractice;
				PRODUCT_NAME = "$(TARGET_NAME)";
				SWIFT_VERSION = 5.0;
				TARGETED_DEVICE_FAMILY = "1,2";
			};
			name = Release;
		};
		839A2EE22375533A00F9437F /* Debug */ = {
			isa = XCBuildConfiguration;
			buildSettings = {
				ALWAYS_EMBED_SWIFT_STANDARD_LIBRARIES = YES;
				BUNDLE_LOADER = "$(TEST_HOST)";
				CODE_SIGN_STYLE = Automatic;
				DEVELOPMENT_TEAM = 5ZPQVN5FJW;
				INFOPLIST_FILE = ArithmeticPracticeTests/Info.plist;
				IPHONEOS_DEPLOYMENT_TARGET = 13.1;
				LD_RUNPATH_SEARCH_PATHS = (
					"$(inherited)",
					"@executable_path/Frameworks",
					"@loader_path/Frameworks",
				);
				PRODUCT_BUNDLE_IDENTIFIER = com.upmer.ArithmeticPracticeTests;
				PRODUCT_NAME = "$(TARGET_NAME)";
				SWIFT_VERSION = 5.0;
				TARGETED_DEVICE_FAMILY = "1,2";
				TEST_HOST = "$(BUILT_PRODUCTS_DIR)/ArithmeticPractice.app/ArithmeticPractice";
			};
			name = Debug;
		};
		839A2EE32375533A00F9437F /* Release */ = {
			isa = XCBuildConfiguration;
			buildSettings = {
				ALWAYS_EMBED_SWIFT_STANDARD_LIBRARIES = YES;
				BUNDLE_LOADER = "$(TEST_HOST)";
				CODE_SIGN_STYLE = Automatic;
				DEVELOPMENT_TEAM = 5ZPQVN5FJW;
				INFOPLIST_FILE = ArithmeticPracticeTests/Info.plist;
				IPHONEOS_DEPLOYMENT_TARGET = 13.1;
				LD_RUNPATH_SEARCH_PATHS = (
					"$(inherited)",
					"@executable_path/Frameworks",
					"@loader_path/Frameworks",
				);
				PRODUCT_BUNDLE_IDENTIFIER = com.upmer.ArithmeticPracticeTests;
				PRODUCT_NAME = "$(TARGET_NAME)";
				SWIFT_VERSION = 5.0;
				TARGETED_DEVICE_FAMILY = "1,2";
				TEST_HOST = "$(BUILT_PRODUCTS_DIR)/ArithmeticPractice.app/ArithmeticPractice";
			};
			name = Release;
		};
/* End XCBuildConfiguration section */

/* Begin XCConfigurationList section */
		839A2EBA2375533600F9437F /* Build configuration list for PBXProject "ArithmeticPractice" */ = {
			isa = XCConfigurationList;
			buildConfigurations = (
				839A2EDC2375533A00F9437F /* Debug */,
				839A2EDD2375533A00F9437F /* Release */,
			);
			defaultConfigurationIsVisible = 0;
			defaultConfigurationName = Release;
		};
		839A2EDE2375533A00F9437F /* Build configuration list for PBXNativeTarget "ArithmeticPractice" */ = {
			isa = XCConfigurationList;
			buildConfigurations = (
				839A2EDF2375533A00F9437F /* Debug */,
				839A2EE02375533A00F9437F /* Release */,
			);
			defaultConfigurationIsVisible = 0;
			defaultConfigurationName = Release;
		};
		839A2EE12375533A00F9437F /* Build configuration list for PBXNativeTarget "ArithmeticPracticeTests" */ = {
			isa = XCConfigurationList;
			buildConfigurations = (
				839A2EE22375533A00F9437F /* Debug */,
				839A2EE32375533A00F9437F /* Release */,
			);
			defaultConfigurationIsVisible = 0;
			defaultConfigurationName = Release;
		};
/* End XCConfigurationList section */
	};
	rootObject = 839A2EB72375533600F9437F /* Project object */;
}
