// !$*UTF8*$!
{
	archiveVersion = 1;
	classes = {
	};
	objectVersion = 50;
	objects = {

/* Begin PBXBuildFile section */
		83284E4A23EC1CE9007F3272 /* n567.swift in Sources */ = {isa = PBXBuildFile; fileRef = 83284E4923EC1CE9007F3272 /* n567.swift */; };
		83284E4C23EDB06E007F3272 /* n43.swift in Sources */ = {isa = PBXBuildFile; fileRef = 83284E4B23EDB06E007F3272 /* n43.swift */; };
		83284E4E23F03AAF007F3272 /* n21.swift in Sources */ = {isa = PBXBuildFile; fileRef = 83284E4D23F03AAF007F3272 /* n21.swift */; };
		83284E5123F04838007F3272 /* n206.swift in Sources */ = {isa = PBXBuildFile; fileRef = 83284E5023F04838007F3272 /* n206.swift */; };
		83299CE823DAEC50003F7D5C /* n70.swift in Sources */ = {isa = PBXBuildFile; fileRef = 83299CE723DAEC50003F7D5C /* n70.swift */; };
		83299CEA23DB0B49003F7D5C /* n62.swift in Sources */ = {isa = PBXBuildFile; fileRef = 83299CE923DB0B49003F7D5C /* n62.swift */; };
		83299CEC23DC1076003F7D5C /* n64.swift in Sources */ = {isa = PBXBuildFile; fileRef = 83299CEB23DC1076003F7D5C /* n64.swift */; };
		83299CEE23DC29DC003F7D5C /* n72.swift in Sources */ = {isa = PBXBuildFile; fileRef = 83299CED23DC29DC003F7D5C /* n72.swift */; };
		832DD00123E7F77A00AF6CCF /* n146-LRU.swift in Sources */ = {isa = PBXBuildFile; fileRef = 832DD00023E7F77A00AF6CCF /* n146-LRU.swift */; };
		832DD00323E921C100AF6CCF /* n101-SymmetricTree.swift in Sources */ = {isa = PBXBuildFile; fileRef = 832DD00223E921C100AF6CCF /* n101-SymmetricTree.swift */; };
		832DD00523E965D600AF6CCF /* BTree.swift in Sources */ = {isa = PBXBuildFile; fileRef = 832DD00423E965D600AF6CCF /* BTree.swift */; };
		832DD00723E96D0700AF6CCF /* n102.swift in Sources */ = {isa = PBXBuildFile; fileRef = 832DD00623E96D0700AF6CCF /* n102.swift */; };
		8332534923D605080068FB0A /* DynamicProgramming.swift in Sources */ = {isa = PBXBuildFile; fileRef = 8332534723D604FC0068FB0A /* DynamicProgramming.swift */; };
		8334FF5C23A8A4520043B917 /* BSearch.swift in Sources */ = {isa = PBXBuildFile; fileRef = 8334FF5B23A8A4520043B917 /* BSearch.swift */; };
		83369730238526B2000247EC /* ArrayChapter5.swift in Sources */ = {isa = PBXBuildFile; fileRef = 8336972F238526B2000247EC /* ArrayChapter5.swift */; };
		8337E911237E92C000B85EDB /* ArrayChapter3.swift in Sources */ = {isa = PBXBuildFile; fileRef = 8337E910237E92C000B85EDB /* ArrayChapter3.swift */; };
		834744F623EBA6E80046870F /* n3.swift in Sources */ = {isa = PBXBuildFile; fileRef = 834744F523EBA6E80046870F /* n3.swift */; };
		834744F823EC10150046870F /* n14.swift in Sources */ = {isa = PBXBuildFile; fileRef = 834744F723EC10150046870F /* n14.swift */; };
		836D6CEF238F84C300E12100 /* LinkedList.swift in Sources */ = {isa = PBXBuildFile; fileRef = 836D6CEE238F84C300E12100 /* LinkedList.swift */; };
		836D6D1D2391417F00E12100 /* Sort.swift in Sources */ = {isa = PBXBuildFile; fileRef = 836D6D1C2391417F00E12100 /* Sort.swift */; };
		839A2EC32375533600F9437F /* AppDelegate.swift in Sources */ = {isa = PBXBuildFile; fileRef = 839A2EC22375533600F9437F /* AppDelegate.swift */; };
		839A2EC52375533600F9437F /* SceneDelegate.swift in Sources */ = {isa = PBXBuildFile; fileRef = 839A2EC42375533600F9437F /* SceneDelegate.swift */; };
		839A2EC72375533600F9437F /* ContentView.swift in Sources */ = {isa = PBXBuildFile; fileRef = 839A2EC62375533600F9437F /* ContentView.swift */; };
		839A2EC92375533A00F9437F /* Assets.xcassets in Resources */ = {isa = PBXBuildFile; fileRef = 839A2EC82375533A00F9437F /* Assets.xcassets */; };
		839A2ECC2375533A00F9437F /* Preview Assets.xcassets in Resources */ = {isa = PBXBuildFile; fileRef = 839A2ECB2375533A00F9437F /* Preview Assets.xcassets */; };
		839A2ECF2375533A00F9437F /* LaunchScreen.storyboard in Resources */ = {isa = PBXBuildFile; fileRef = 839A2ECD2375533A00F9437F /* LaunchScreen.storyboard */; };
		839A2EE62375541200F9437F /* ArrayChapter1.swift in Sources */ = {isa = PBXBuildFile; fileRef = 839A2EE52375541200F9437F /* ArrayChapter1.swift */; };
		83A885D6237C0115008134EB /* ArrayChapter2.swift in Sources */ = {isa = PBXBuildFile; fileRef = 83A885D5237C0115008134EB /* ArrayChapter2.swift */; };
		83BF63DC23F1569A00E6B852 /* n121.swift in Sources */ = {isa = PBXBuildFile; fileRef = 83BF63DB23F1569A00E6B852 /* n121.swift */; };
		83BF642023F3B65B00E6B852 /* n442.swift in Sources */ = {isa = PBXBuildFile; fileRef = 83BF641F23F3B65B00E6B852 /* n442.swift */; };
		83BF642323F3B6C700E6B852 /* rn3.swift in Sources */ = {isa = PBXBuildFile; fileRef = 83BF642223F3B6C700E6B852 /* rn3.swift */; };
		D6ACDF1223C8B607007AE0F3 /* KMP.swift in Sources */ = {isa = PBXBuildFile; fileRef = D6ACDF1123C8B607007AE0F3 /* KMP.swift */; };
		D6B11E27238195C2007E6CB3 /* ArrayChapter4.swift in Sources */ = {isa = PBXBuildFile; fileRef = D6B11E26238195C2007E6CB3 /* ArrayChapter4.swift */; };
		D6F5116423F7E97B00129944 /* n226.swift in Sources */ = {isa = PBXBuildFile; fileRef = D6F5116323F7E97B00129944 /* n226.swift */; };
/* End PBXBuildFile section */

/* Begin PBXContainerItemProxy section */
		839A2ED62375533A00F9437F /* PBXContainerItemProxy */ = {
			isa = PBXContainerItemProxy;
			containerPortal = 839A2EB72375533600F9437F /* Project object */;
			proxyType = 1;
			remoteGlobalIDString = 839A2EBE2375533600F9437F;
			remoteInfo = ArithmeticPractice;
		};
/* End PBXContainerItemProxy section */

/* Begin PBXFileReference section */
		83284E4923EC1CE9007F3272 /* n567.swift */ = {isa = PBXFileReference; lastKnownFileType = sourcecode.swift; path = n567.swift; sourceTree = "<group>"; };
		83284E4B23EDB06E007F3272 /* n43.swift */ = {isa = PBXFileReference; lastKnownFileType = sourcecode.swift; path = n43.swift; sourceTree = "<group>"; };
		83284E4D23F03AAF007F3272 /* n21.swift */ = {isa = PBXFileReference; lastKnownFileType = sourcecode.swift; path = n21.swift; sourceTree = "<group>"; };
		83284E5023F04838007F3272 /* n206.swift */ = {isa = PBXFileReference; lastKnownFileType = sourcecode.swift; path = n206.swift; sourceTree = "<group>"; };
		83299CE723DAEC50003F7D5C /* n70.swift */ = {isa = PBXFileReference; lastKnownFileType = sourcecode.swift; path = n70.swift; sourceTree = "<group>"; };
		83299CE923DB0B49003F7D5C /* n62.swift */ = {isa = PBXFileReference; lastKnownFileType = sourcecode.swift; path = n62.swift; sourceTree = "<group>"; };
		83299CEB23DC1076003F7D5C /* n64.swift */ = {isa = PBXFileReference; lastKnownFileType = sourcecode.swift; path = n64.swift; sourceTree = "<group>"; };
		83299CED23DC29DC003F7D5C /* n72.swift */ = {isa = PBXFileReference; lastKnownFileType = sourcecode.swift; path = n72.swift; sourceTree = "<group>"; };
		832DD00023E7F77A00AF6CCF /* n146-LRU.swift */ = {isa = PBXFileReference; lastKnownFileType = sourcecode.swift; path = "n146-LRU.swift"; sourceTree = "<group>"; };
		832DD00223E921C100AF6CCF /* n101-SymmetricTree.swift */ = {isa = PBXFileReference; lastKnownFileType = sourcecode.swift; path = "n101-SymmetricTree.swift"; sourceTree = "<group>"; };
		832DD00423E965D600AF6CCF /* BTree.swift */ = {isa = PBXFileReference; lastKnownFileType = sourcecode.swift; path = BTree.swift; sourceTree = "<group>"; };
		832DD00623E96D0700AF6CCF /* n102.swift */ = {isa = PBXFileReference; lastKnownFileType = sourcecode.swift; path = n102.swift; sourceTree = "<group>"; };
		8332534723D604FC0068FB0A /* DynamicProgramming.swift */ = {isa = PBXFileReference; fileEncoding = 4; lastKnownFileType = sourcecode.swift; path = DynamicProgramming.swift; sourceTree = "<group>"; };
		8334FF5B23A8A4520043B917 /* BSearch.swift */ = {isa = PBXFileReference; lastKnownFileType = sourcecode.swift; path = BSearch.swift; sourceTree = "<group>"; };
		8336972F238526B2000247EC /* ArrayChapter5.swift */ = {isa = PBXFileReference; lastKnownFileType = sourcecode.swift; path = ArrayChapter5.swift; sourceTree = "<group>"; };
		8337E910237E92C000B85EDB /* ArrayChapter3.swift */ = {isa = PBXFileReference; lastKnownFileType = sourcecode.swift; path = ArrayChapter3.swift; sourceTree = "<group>"; };
		834744F523EBA6E80046870F /* n3.swift */ = {isa = PBXFileReference; lastKnownFileType = sourcecode.swift; path = n3.swift; sourceTree = "<group>"; };
		834744F723EC10150046870F /* n14.swift */ = {isa = PBXFileReference; lastKnownFileType = sourcecode.swift; path = n14.swift; sourceTree = "<group>"; };
		836D6CEE238F84C300E12100 /* LinkedList.swift */ = {isa = PBXFileReference; lastKnownFileType = sourcecode.swift; path = LinkedList.swift; sourceTree = "<group>"; };
		836D6D1C2391417F00E12100 /* Sort.swift */ = {isa = PBXFileReference; lastKnownFileType = sourcecode.swift; path = Sort.swift; sourceTree = "<group>"; };
		839A2EBF2375533600F9437F /* AlgorithmPractice.app */ = {isa = PBXFileReference; explicitFileType = wrapper.application; includeInIndex = 0; path = AlgorithmPractice.app; sourceTree = BUILT_PRODUCTS_DIR; };
		839A2EC22375533600F9437F /* AppDelegate.swift */ = {isa = PBXFileReference; lastKnownFileType = sourcecode.swift; path = AppDelegate.swift; sourceTree = "<group>"; };
		839A2EC42375533600F9437F /* SceneDelegate.swift */ = {isa = PBXFileReference; lastKnownFileType = sourcecode.swift; path = SceneDelegate.swift; sourceTree = "<group>"; };
		839A2EC62375533600F9437F /* ContentView.swift */ = {isa = PBXFileReference; lastKnownFileType = sourcecode.swift; path = ContentView.swift; sourceTree = "<group>"; };
		839A2EC82375533A00F9437F /* Assets.xcassets */ = {isa = PBXFileReference; lastKnownFileType = folder.assetcatalog; path = Assets.xcassets; sourceTree = "<group>"; };
		839A2ECB2375533A00F9437F /* Preview Assets.xcassets */ = {isa = PBXFileReference; lastKnownFileType = folder.assetcatalog; path = "Preview Assets.xcassets"; sourceTree = "<group>"; };
		839A2ECE2375533A00F9437F /* Base */ = {isa = PBXFileReference; lastKnownFileType = file.storyboard; name = Base; path = Base.lproj/LaunchScreen.storyboard; sourceTree = "<group>"; };
		839A2ED02375533A00F9437F /* Info.plist */ = {isa = PBXFileReference; lastKnownFileType = text.plist.xml; path = Info.plist; sourceTree = "<group>"; };
		839A2ED52375533A00F9437F /* AlgorithmPracticeTests.xctest */ = {isa = PBXFileReference; explicitFileType = wrapper.cfbundle; includeInIndex = 0; path = AlgorithmPracticeTests.xctest; sourceTree = BUILT_PRODUCTS_DIR; };
		839A2EDB2375533A00F9437F /* Info.plist */ = {isa = PBXFileReference; lastKnownFileType = text.plist.xml; path = Info.plist; sourceTree = "<group>"; };
		839A2EE52375541200F9437F /* ArrayChapter1.swift */ = {isa = PBXFileReference; lastKnownFileType = sourcecode.swift; path = ArrayChapter1.swift; sourceTree = "<group>"; };
		83A885D5237C0115008134EB /* ArrayChapter2.swift */ = {isa = PBXFileReference; fileEncoding = 4; lastKnownFileType = sourcecode.swift; path = ArrayChapter2.swift; sourceTree = "<group>"; };
		83BF63DB23F1569A00E6B852 /* n121.swift */ = {isa = PBXFileReference; lastKnownFileType = sourcecode.swift; path = n121.swift; sourceTree = "<group>"; };
		83BF641F23F3B65B00E6B852 /* n442.swift */ = {isa = PBXFileReference; lastKnownFileType = sourcecode.swift; path = n442.swift; sourceTree = "<group>"; };
		83BF642223F3B6C700E6B852 /* rn3.swift */ = {isa = PBXFileReference; lastKnownFileType = sourcecode.swift; path = rn3.swift; sourceTree = "<group>"; };
		D6ACDF1123C8B607007AE0F3 /* KMP.swift */ = {isa = PBXFileReference; indentWidth = 4; lastKnownFileType = sourcecode.swift; path = KMP.swift; sourceTree = "<group>"; tabWidth = 4; };
		D6B11E26238195C2007E6CB3 /* ArrayChapter4.swift */ = {isa = PBXFileReference; lastKnownFileType = sourcecode.swift; path = ArrayChapter4.swift; sourceTree = "<group>"; };
		D6F5116323F7E97B00129944 /* n226.swift */ = {isa = PBXFileReference; lastKnownFileType = sourcecode.swift; path = n226.swift; sourceTree = "<group>"; };
/* End PBXFileReference section */

/* Begin PBXFrameworksBuildPhase section */
		839A2EBC2375533600F9437F /* Frameworks */ = {
			isa = PBXFrameworksBuildPhase;
			buildActionMask = 2147483647;
			files = (
			);
			runOnlyForDeploymentPostprocessing = 0;
		};
		839A2ED22375533A00F9437F /* Frameworks */ = {
			isa = PBXFrameworksBuildPhase;
			buildActionMask = 2147483647;
			files = (
			);
			runOnlyForDeploymentPostprocessing = 0;
		};
/* End PBXFrameworksBuildPhase section */

/* Begin PBXGroup section */
		83284E4823EC1CDA007F3272 /* 500-600 */ = {
			isa = PBXGroup;
			children = (
				83284E4923EC1CE9007F3272 /* n567.swift */,
			);
			path = "500-600";
			sourceTree = "<group>";
		};
		83284E4F23F047FC007F3272 /* 200-300 */ = {
			isa = PBXGroup;
			children = (
				83284E5023F04838007F3272 /* n206.swift */,
				D6F5116323F7E97B00129944 /* n226.swift */,
			);
			path = "200-300";
			sourceTree = "<group>";
		};
		83299CE323DAEC09003F7D5C /* LeetCode */ = {
			isa = PBXGroup;
			children = (
				83BF642123F3B6B800E6B852 /* Review */,
				83299CE423DAEC23003F7D5C /* 1-100 */,
				832DCFFF23E7F76600AF6CCF /* 100-200 */,
				83284E4F23F047FC007F3272 /* 200-300 */,
				83BF641D23F3B63900E6B852 /* 300-400 */,
				83BF641E23F3B64000E6B852 /* 400-500 */,
				83284E4823EC1CDA007F3272 /* 500-600 */,
			);
			path = LeetCode;
			sourceTree = "<group>";
		};
		83299CE423DAEC23003F7D5C /* 1-100 */ = {
			isa = PBXGroup;
			children = (
				834744F523EBA6E80046870F /* n3.swift */,
				834744F723EC10150046870F /* n14.swift */,
				83284E4D23F03AAF007F3272 /* n21.swift */,
				83284E4B23EDB06E007F3272 /* n43.swift */,
				83299CE923DB0B49003F7D5C /* n62.swift */,
				83299CEB23DC1076003F7D5C /* n64.swift */,
				83299CE723DAEC50003F7D5C /* n70.swift */,
				83299CED23DC29DC003F7D5C /* n72.swift */,
			);
			path = "1-100";
			sourceTree = "<group>";
		};
		832DCFFF23E7F76600AF6CCF /* 100-200 */ = {
			isa = PBXGroup;
			children = (
				832DD00223E921C100AF6CCF /* n101-SymmetricTree.swift */,
				832DD00623E96D0700AF6CCF /* n102.swift */,
				83BF63DB23F1569A00E6B852 /* n121.swift */,
				832DD00023E7F77A00AF6CCF /* n146-LRU.swift */,
			);
			path = "100-200";
			sourceTree = "<group>";
		};
		836D6CEC238F848700E12100 /* Practice */ = {
			isa = PBXGroup;
			children = (
				836D6CEE238F84C300E12100 /* LinkedList.swift */,
				836D6D1C2391417F00E12100 /* Sort.swift */,
				8334FF5B23A8A4520043B917 /* BSearch.swift */,
				D6ACDF1123C8B607007AE0F3 /* KMP.swift */,
				8332534723D604FC0068FB0A /* DynamicProgramming.swift */,
				832DD00423E965D600AF6CCF /* BTree.swift */,
			);
			path = Practice;
			sourceTree = "<group>";
		};
		836D6CED238F849A00E12100 /* Explorer */ = {
			isa = PBXGroup;
			children = (
				839A2EE42375534300F9437F /* Array */,
			);
			path = Explorer;
			sourceTree = "<group>";
		};
		839A2EB62375533600F9437F = {
			isa = PBXGroup;
			children = (
				839A2EC12375533600F9437F /* ArithmeticPractice */,
				839A2ED82375533A00F9437F /* ArithmeticPracticeTests */,
				839A2EC02375533600F9437F /* Products */,
			);
			indentWidth = 4;
			sourceTree = "<group>";
			tabWidth = 4;
		};
		839A2EC02375533600F9437F /* Products */ = {
			isa = PBXGroup;
			children = (
				839A2EBF2375533600F9437F /* AlgorithmPractice.app */,
				839A2ED52375533A00F9437F /* AlgorithmPracticeTests.xctest */,
			);
			name = Products;
			sourceTree = "<group>";
		};
		839A2EC12375533600F9437F /* ArithmeticPractice */ = {
			isa = PBXGroup;
			children = (
				839A2EC22375533600F9437F /* AppDelegate.swift */,
				839A2EC42375533600F9437F /* SceneDelegate.swift */,
				839A2EC62375533600F9437F /* ContentView.swift */,
				839A2EC82375533A00F9437F /* Assets.xcassets */,
				839A2ECD2375533A00F9437F /* LaunchScreen.storyboard */,
				839A2ED02375533A00F9437F /* Info.plist */,
				839A2ECA2375533A00F9437F /* Preview Content */,
			);
			path = ArithmeticPractice;
			sourceTree = "<group>";
		};
		839A2ECA2375533A00F9437F /* Preview Content */ = {
			isa = PBXGroup;
			children = (
				839A2ECB2375533A00F9437F /* Preview Assets.xcassets */,
			);
			path = "Preview Content";
			sourceTree = "<group>";
		};
		839A2ED82375533A00F9437F /* ArithmeticPracticeTests */ = {
			isa = PBXGroup;
			children = (
				83299CE323DAEC09003F7D5C /* LeetCode */,
				836D6CED238F849A00E12100 /* Explorer */,
				836D6CEC238F848700E12100 /* Practice */,
				839A2EDB2375533A00F9437F /* Info.plist */,
			);
			path = ArithmeticPracticeTests;
			sourceTree = "<group>";
		};
		839A2EE42375534300F9437F /* Array */ = {
			isa = PBXGroup;
			children = (
				839A2EE52375541200F9437F /* ArrayChapter1.swift */,
				83A885D5237C0115008134EB /* ArrayChapter2.swift */,
				8337E910237E92C000B85EDB /* ArrayChapter3.swift */,
				D6B11E26238195C2007E6CB3 /* ArrayChapter4.swift */,
				8336972F238526B2000247EC /* ArrayChapter5.swift */,
			);
			path = Array;
			sourceTree = "<group>";
		};
		83BF641D23F3B63900E6B852 /* 300-400 */ = {
			isa = PBXGroup;
			children = (
			);
			path = "300-400";
			sourceTree = "<group>";
		};
		83BF641E23F3B64000E6B852 /* 400-500 */ = {
			isa = PBXGroup;
			children = (
				83BF641F23F3B65B00E6B852 /* n442.swift */,
			);
			path = "400-500";
			sourceTree = "<group>";
		};
		83BF642123F3B6B800E6B852 /* Review */ = {
			isa = PBXGroup;
			children = (
				83BF642223F3B6C700E6B852 /* rn3.swift */,
			);
			path = Review;
			sourceTree = "<group>";
		};
/* End PBXGroup section */

/* Begin PBXNativeTarget section */
		839A2EBE2375533600F9437F /* AlgorithmPractice */ = {
			isa = PBXNativeTarget;
			buildConfigurationList = 839A2EDE2375533A00F9437F /* Build configuration list for PBXNativeTarget "AlgorithmPractice" */;
			buildPhases = (
				839A2EBB2375533600F9437F /* Sources */,
				839A2EBC2375533600F9437F /* Frameworks */,
				839A2EBD2375533600F9437F /* Resources */,
			);
			buildRules = (
			);
			dependencies = (
			);
			name = AlgorithmPractice;
			productName = ArithmeticPractice;
			productReference = 839A2EBF2375533600F9437F /* AlgorithmPractice.app */;
			productType = "com.apple.product-type.application";
		};
		839A2ED42375533A00F9437F /* AlgorithmPracticeTests */ = {
			isa = PBXNativeTarget;
			buildConfigurationList = 839A2EE12375533A00F9437F /* Build configuration list for PBXNativeTarget "AlgorithmPracticeTests" */;
			buildPhases = (
				839A2ED12375533A00F9437F /* Sources */,
				839A2ED22375533A00F9437F /* Frameworks */,
				839A2ED32375533A00F9437F /* Resources */,
			);
			buildRules = (
			);
			dependencies = (
				839A2ED72375533A00F9437F /* PBXTargetDependency */,
			);
			name = AlgorithmPracticeTests;
			productName = ArithmeticPracticeTests;
			productReference = 839A2ED52375533A00F9437F /* AlgorithmPracticeTests.xctest */;
			productType = "com.apple.product-type.bundle.unit-test";
		};
/* End PBXNativeTarget section */

/* Begin PBXProject section */
		839A2EB72375533600F9437F /* Project object */ = {
			isa = PBXProject;
			attributes = {
				LastSwiftUpdateCheck = 1110;
				LastUpgradeCheck = 1110;
				ORGANIZATIONNAME = upmer;
				TargetAttributes = {
					839A2EBE2375533600F9437F = {
						CreatedOnToolsVersion = 11.1;
					};
					839A2ED42375533A00F9437F = {
						CreatedOnToolsVersion = 11.1;
						TestTargetID = 839A2EBE2375533600F9437F;
					};
				};
			};
			buildConfigurationList = 839A2EBA2375533600F9437F /* Build configuration list for PBXProject "AlgorithmPractice" */;
			compatibilityVersion = "Xcode 9.3";
			developmentRegion = en;
			hasScannedForEncodings = 0;
			knownRegions = (
				en,
				Base,
			);
			mainGroup = 839A2EB62375533600F9437F;
			productRefGroup = 839A2EC02375533600F9437F /* Products */;
			projectDirPath = "";
			projectRoot = "";
			targets = (
				839A2EBE2375533600F9437F /* AlgorithmPractice */,
				839A2ED42375533A00F9437F /* AlgorithmPracticeTests */,
			);
		};
/* End PBXProject section */

/* Begin PBXResourcesBuildPhase section */
		839A2EBD2375533600F9437F /* Resources */ = {
			isa = PBXResourcesBuildPhase;
			buildActionMask = 2147483647;
			files = (
				839A2ECF2375533A00F9437F /* LaunchScreen.storyboard in Resources */,
				839A2ECC2375533A00F9437F /* Preview Assets.xcassets in Resources */,
				839A2EC92375533A00F9437F /* Assets.xcassets in Resources */,
			);
			runOnlyForDeploymentPostprocessing = 0;
		};
		839A2ED32375533A00F9437F /* Resources */ = {
			isa = PBXResourcesBuildPhase;
			buildActionMask = 2147483647;
			files = (
			);
			runOnlyForDeploymentPostprocessing = 0;
		};
/* End PBXResourcesBuildPhase section */

/* Begin PBXSourcesBuildPhase section */
		839A2EBB2375533600F9437F /* Sources */ = {
			isa = PBXSourcesBuildPhase;
			buildActionMask = 2147483647;
			files = (
				839A2EC32375533600F9437F /* AppDelegate.swift in Sources */,
				839A2EC52375533600F9437F /* SceneDelegate.swift in Sources */,
				839A2EC72375533600F9437F /* ContentView.swift in Sources */,
			);
			runOnlyForDeploymentPostprocessing = 0;
		};
		839A2ED12375533A00F9437F /* Sources */ = {
			isa = PBXSourcesBuildPhase;
			buildActionMask = 2147483647;
			files = (
				83284E4A23EC1CE9007F3272 /* n567.swift in Sources */,
				D6F5116423F7E97B00129944 /* n226.swift in Sources */,
				834744F623EBA6E80046870F /* n3.swift in Sources */,
				D6ACDF1223C8B607007AE0F3 /* KMP.swift in Sources */,
				8334FF5C23A8A4520043B917 /* BSearch.swift in Sources */,
				83299CEA23DB0B49003F7D5C /* n62.swift in Sources */,
				83299CEC23DC1076003F7D5C /* n64.swift in Sources */,
				836D6CEF238F84C300E12100 /* LinkedList.swift in Sources */,
				D6B11E27238195C2007E6CB3 /* ArrayChapter4.swift in Sources */,
				8337E911237E92C000B85EDB /* ArrayChapter3.swift in Sources */,
				83369730238526B2000247EC /* ArrayChapter5.swift in Sources */,
				83BF63DC23F1569A00E6B852 /* n121.swift in Sources */,
				832DD00123E7F77A00AF6CCF /* n146-LRU.swift in Sources */,
				83284E5123F04838007F3272 /* n206.swift in Sources */,
				83BF642023F3B65B00E6B852 /* n442.swift in Sources */,
				83299CE823DAEC50003F7D5C /* n70.swift in Sources */,
				834744F823EC10150046870F /* n14.swift in Sources */,
				83284E4C23EDB06E007F3272 /* n43.swift in Sources */,
				836D6D1D2391417F00E12100 /* Sort.swift in Sources */,
				8332534923D605080068FB0A /* DynamicProgramming.swift in Sources */,
				832DD00723E96D0700AF6CCF /* n102.swift in Sources */,
				83299CEE23DC29DC003F7D5C /* n72.swift in Sources */,
				832DD00323E921C100AF6CCF /* n101-SymmetricTree.swift in Sources */,
				83BF642323F3B6C700E6B852 /* rn3.swift in Sources */,
				83284E4E23F03AAF007F3272 /* n21.swift in Sources */,
				832DD00523E965D600AF6CCF /* BTree.swift in Sources */,
				83A885D6237C0115008134EB /* ArrayChapter2.swift in Sources */,
				839A2EE62375541200F9437F /* ArrayChapter1.swift in Sources */,
			);
			runOnlyForDeploymentPostprocessing = 0;
		};
/* End PBXSourcesBuildPhase section */

/* Begin PBXTargetDependency section */
		839A2ED72375533A00F9437F /* PBXTargetDependency */ = {
			isa = PBXTargetDependency;
			target = 839A2EBE2375533600F9437F /* AlgorithmPractice */;
			targetProxy = 839A2ED62375533A00F9437F /* PBXContainerItemProxy */;
		};
/* End PBXTargetDependency section */

/* Begin PBXVariantGroup section */
		839A2ECD2375533A00F9437F /* LaunchScreen.storyboard */ = {
			isa = PBXVariantGroup;
			children = (
				839A2ECE2375533A00F9437F /* Base */,
			);
			name = LaunchScreen.storyboard;
			sourceTree = "<group>";
		};
/* End PBXVariantGroup section */

/* Begin XCBuildConfiguration section */
		839A2EDC2375533A00F9437F /* Debug */ = {
			isa = XCBuildConfiguration;
			buildSettings = {
				ALWAYS_SEARCH_USER_PATHS = NO;
				CLANG_ANALYZER_NONNULL = YES;
				CLANG_ANALYZER_NUMBER_OBJECT_CONVERSION = YES_AGGRESSIVE;
				CLANG_CXX_LANGUAGE_STANDARD = "gnu++14";
				CLANG_CXX_LIBRARY = "libc++";
				CLANG_ENABLE_MODULES = YES;
				CLANG_ENABLE_OBJC_ARC = YES;
				CLANG_ENABLE_OBJC_WEAK = YES;
				CLANG_WARN_BLOCK_CAPTURE_AUTORELEASING = YES;
				CLANG_WARN_BOOL_CONVERSION = YES;
				CLANG_WARN_COMMA = YES;
				CLANG_WARN_CONSTANT_CONVERSION = YES;
				CLANG_WARN_DEPRECATED_OBJC_IMPLEMENTATIONS = YES;
				CLANG_WARN_DIRECT_OBJC_ISA_USAGE = YES_ERROR;
				CLANG_WARN_DOCUMENTATION_COMMENTS = YES;
				CLANG_WARN_EMPTY_BODY = YES;
				CLANG_WARN_ENUM_CONVERSION = YES;
				CLANG_WARN_INFINITE_RECURSION = YES;
				CLANG_WARN_INT_CONVERSION = YES;
				CLANG_WARN_NON_LITERAL_NULL_CONVERSION = YES;
				CLANG_WARN_OBJC_IMPLICIT_RETAIN_SELF = YES;
				CLANG_WARN_OBJC_LITERAL_CONVERSION = YES;
				CLANG_WARN_OBJC_ROOT_CLASS = YES_ERROR;
				CLANG_WARN_RANGE_LOOP_ANALYSIS = YES;
				CLANG_WARN_STRICT_PROTOTYPES = YES;
				CLANG_WARN_SUSPICIOUS_MOVE = YES;
				CLANG_WARN_UNGUARDED_AVAILABILITY = YES_AGGRESSIVE;
				CLANG_WARN_UNREACHABLE_CODE = YES;
				CLANG_WARN__DUPLICATE_METHOD_MATCH = YES;
				COPY_PHASE_STRIP = NO;
				DEBUG_INFORMATION_FORMAT = dwarf;
				ENABLE_STRICT_OBJC_MSGSEND = YES;
				ENABLE_TESTABILITY = YES;
				GCC_C_LANGUAGE_STANDARD = gnu11;
				GCC_DYNAMIC_NO_PIC = NO;
				GCC_NO_COMMON_BLOCKS = YES;
				GCC_OPTIMIZATION_LEVEL = 0;
				GCC_PREPROCESSOR_DEFINITIONS = (
					"DEBUG=1",
					"$(inherited)",
				);
				GCC_WARN_64_TO_32_BIT_CONVERSION = YES;
				GCC_WARN_ABOUT_RETURN_TYPE = YES_ERROR;
				GCC_WARN_UNDECLARED_SELECTOR = YES;
				GCC_WARN_UNINITIALIZED_AUTOS = YES_AGGRESSIVE;
				GCC_WARN_UNUSED_FUNCTION = YES;
				GCC_WARN_UNUSED_VARIABLE = YES;
				IPHONEOS_DEPLOYMENT_TARGET = 11.1;
				MTL_ENABLE_DEBUG_INFO = INCLUDE_SOURCE;
				MTL_FAST_MATH = YES;
				ONLY_ACTIVE_ARCH = YES;
				SDKROOT = iphoneos;
				SWIFT_ACTIVE_COMPILATION_CONDITIONS = DEBUG;
				SWIFT_OPTIMIZATION_LEVEL = "-Onone";
			};
			name = Debug;
		};
		839A2EDD2375533A00F9437F /* Release */ = {
			isa = XCBuildConfiguration;
			buildSettings = {
				ALWAYS_SEARCH_USER_PATHS = NO;
				CLANG_ANALYZER_NONNULL = YES;
				CLANG_ANALYZER_NUMBER_OBJECT_CONVERSION = YES_AGGRESSIVE;
				CLANG_CXX_LANGUAGE_STANDARD = "gnu++14";
				CLANG_CXX_LIBRARY = "libc++";
				CLANG_ENABLE_MODULES = YES;
				CLANG_ENABLE_OBJC_ARC = YES;
				CLANG_ENABLE_OBJC_WEAK = YES;
				CLANG_WARN_BLOCK_CAPTURE_AUTORELEASING = YES;
				CLANG_WARN_BOOL_CONVERSION = YES;
				CLANG_WARN_COMMA = YES;
				CLANG_WARN_CONSTANT_CONVERSION = YES;
				CLANG_WARN_DEPRECATED_OBJC_IMPLEMENTATIONS = YES;
				CLANG_WARN_DIRECT_OBJC_ISA_USAGE = YES_ERROR;
				CLANG_WARN_DOCUMENTATION_COMMENTS = YES;
				CLANG_WARN_EMPTY_BODY = YES;
				CLANG_WARN_ENUM_CONVERSION = YES;
				CLANG_WARN_INFINITE_RECURSION = YES;
				CLANG_WARN_INT_CONVERSION = YES;
				CLANG_WARN_NON_LITERAL_NULL_CONVERSION = YES;
				CLANG_WARN_OBJC_IMPLICIT_RETAIN_SELF = YES;
				CLANG_WARN_OBJC_LITERAL_CONVERSION = YES;
				CLANG_WARN_OBJC_ROOT_CLASS = YES_ERROR;
				CLANG_WARN_RANGE_LOOP_ANALYSIS = YES;
				CLANG_WARN_STRICT_PROTOTYPES = YES;
				CLANG_WARN_SUSPICIOUS_MOVE = YES;
				CLANG_WARN_UNGUARDED_AVAILABILITY = YES_AGGRESSIVE;
				CLANG_WARN_UNREACHABLE_CODE = YES;
				CLANG_WARN__DUPLICATE_METHOD_MATCH = YES;
				COPY_PHASE_STRIP = NO;
				DEBUG_INFORMATION_FORMAT = "dwarf-with-dsym";
				ENABLE_NS_ASSERTIONS = NO;
				ENABLE_STRICT_OBJC_MSGSEND = YES;
				GCC_C_LANGUAGE_STANDARD = gnu11;
				GCC_NO_COMMON_BLOCKS = YES;
				GCC_WARN_64_TO_32_BIT_CONVERSION = YES;
				GCC_WARN_ABOUT_RETURN_TYPE = YES_ERROR;
				GCC_WARN_UNDECLARED_SELECTOR = YES;
				GCC_WARN_UNINITIALIZED_AUTOS = YES_AGGRESSIVE;
				GCC_WARN_UNUSED_FUNCTION = YES;
				GCC_WARN_UNUSED_VARIABLE = YES;
				IPHONEOS_DEPLOYMENT_TARGET = 11.1;
				MTL_ENABLE_DEBUG_INFO = NO;
				MTL_FAST_MATH = YES;
				SDKROOT = iphoneos;
				SWIFT_COMPILATION_MODE = wholemodule;
				SWIFT_OPTIMIZATION_LEVEL = "-O";
				VALIDATE_PRODUCT = YES;
			};
			name = Release;
		};
		839A2EDF2375533A00F9437F /* Debug */ = {
			isa = XCBuildConfiguration;
			buildSettings = {
				ASSETCATALOG_COMPILER_APPICON_NAME = AppIcon;
				CODE_SIGN_STYLE = Automatic;
				DEVELOPMENT_ASSET_PATHS = "\"ArithmeticPractice/Preview Content\"";
				DEVELOPMENT_TEAM = 5ZPQVN5FJW;
				ENABLE_PREVIEWS = YES;
				INFOPLIST_FILE = ArithmeticPractice/Info.plist;
				LD_RUNPATH_SEARCH_PATHS = (
					"$(inherited)",
					"@executable_path/Frameworks",
				);
				PRODUCT_BUNDLE_IDENTIFIER = com.upmer.ArithmeticPractice;
				PRODUCT_NAME = "$(TARGET_NAME)";
				SWIFT_VERSION = 5.0;
				TARGETED_DEVICE_FAMILY = "1,2";
			};
			name = Debug;
		};
		839A2EE02375533A00F9437F /* Release */ = {
			isa = XCBuildConfiguration;
			buildSettings = {
				ASSETCATALOG_COMPILER_APPICON_NAME = AppIcon;
				CODE_SIGN_STYLE = Automatic;
				DEVELOPMENT_ASSET_PATHS = "\"ArithmeticPractice/Preview Content\"";
				DEVELOPMENT_TEAM = 5ZPQVN5FJW;
				ENABLE_PREVIEWS = YES;
				INFOPLIST_FILE = ArithmeticPractice/Info.plist;
				LD_RUNPATH_SEARCH_PATHS = (
					"$(inherited)",
					"@executable_path/Frameworks",
				);
				PRODUCT_BUNDLE_IDENTIFIER = com.upmer.ArithmeticPractice;
				PRODUCT_NAME = "$(TARGET_NAME)";
				SWIFT_VERSION = 5.0;
				TARGETED_DEVICE_FAMILY = "1,2";
			};
			name = Release;
		};
		839A2EE22375533A00F9437F /* Debug */ = {
			isa = XCBuildConfiguration;
			buildSettings = {
				ALWAYS_EMBED_SWIFT_STANDARD_LIBRARIES = YES;
				BUNDLE_LOADER = "$(TEST_HOST)";
				CODE_SIGN_STYLE = Automatic;
				DEVELOPMENT_TEAM = 5C7PDH2R53;
				INFOPLIST_FILE = ArithmeticPracticeTests/Info.plist;
				IPHONEOS_DEPLOYMENT_TARGET = 10.0;
				LD_RUNPATH_SEARCH_PATHS = (
					"$(inherited)",
					"@executable_path/Frameworks",
					"@loader_path/Frameworks",
				);
				PRODUCT_BUNDLE_IDENTIFIER = com.upmer.ArithmeticPracticeTests;
				PRODUCT_NAME = "$(TARGET_NAME)";
				SWIFT_VERSION = 5.0;
				TARGETED_DEVICE_FAMILY = "1,2";
				TEST_HOST = "$(BUILT_PRODUCTS_DIR)/AlgorithmPractice.app/AlgorithmPractice";
			};
			name = Debug;
		};
		839A2EE32375533A00F9437F /* Release */ = {
			isa = XCBuildConfiguration;
			buildSettings = {
				ALWAYS_EMBED_SWIFT_STANDARD_LIBRARIES = YES;
				BUNDLE_LOADER = "$(TEST_HOST)";
				CODE_SIGN_STYLE = Automatic;
				DEVELOPMENT_TEAM = 5C7PDH2R53;
				INFOPLIST_FILE = ArithmeticPracticeTests/Info.plist;
				IPHONEOS_DEPLOYMENT_TARGET = 10.0;
				LD_RUNPATH_SEARCH_PATHS = (
					"$(inherited)",
					"@executable_path/Frameworks",
					"@loader_path/Frameworks",
				);
				PRODUCT_BUNDLE_IDENTIFIER = com.upmer.ArithmeticPracticeTests;
				PRODUCT_NAME = "$(TARGET_NAME)";
				SWIFT_VERSION = 5.0;
				TARGETED_DEVICE_FAMILY = "1,2";
				TEST_HOST = "$(BUILT_PRODUCTS_DIR)/AlgorithmPractice.app/AlgorithmPractice";
			};
			name = Release;
		};
/* End XCBuildConfiguration section */

/* Begin XCConfigurationList section */
		839A2EBA2375533600F9437F /* Build configuration list for PBXProject "AlgorithmPractice" */ = {
			isa = XCConfigurationList;
			buildConfigurations = (
				839A2EDC2375533A00F9437F /* Debug */,
				839A2EDD2375533A00F9437F /* Release */,
			);
			defaultConfigurationIsVisible = 0;
			defaultConfigurationName = Release;
		};
		839A2EDE2375533A00F9437F /* Build configuration list for PBXNativeTarget "AlgorithmPractice" */ = {
			isa = XCConfigurationList;
			buildConfigurations = (
				839A2EDF2375533A00F9437F /* Debug */,
				839A2EE02375533A00F9437F /* Release */,
			);
			defaultConfigurationIsVisible = 0;
			defaultConfigurationName = Release;
		};
		839A2EE12375533A00F9437F /* Build configuration list for PBXNativeTarget "AlgorithmPracticeTests" */ = {
			isa = XCConfigurationList;
			buildConfigurations = (
				839A2EE22375533A00F9437F /* Debug */,
				839A2EE32375533A00F9437F /* Release */,
			);
			defaultConfigurationIsVisible = 0;
			defaultConfigurationName = Release;
		};
/* End XCConfigurationList section */
	};
	rootObject = 839A2EB72375533600F9437F /* Project object */;
}
